Microsoft Visual Studio Solution File, Format Version 12.00
# Visual Studio Version 17
VisualStudioVersion = 17.5.2.0
MinimumVisualStudioVersion = 10.0.40219.1
Project("{FAE04EC0-301F-11D3-BF4B-00C04F79EFBC}") = "soundit", "soundit.csproj", "{3AA72F18-0C7A-6B1C-9F0E-643F40729F56}"
EndProject
Global
	GlobalSection(SolutionConfigurationPlatforms) = preSolution
		Debug|Any CPU = Debug|Any CPU
		Release|Any CPU = Release|Any CPU
	EndGlobalSection
	GlobalSection(ProjectConfigurationPlatforms) = postSolution
		{3AA72F18-0C7A-6B1C-9F0E-643F40729F56}.Debug|Any CPU.ActiveCfg = Debug|Any CPU
		{3AA72F18-0C7A-6B1C-9F0E-643F40729F56}.Debug|Any CPU.Build.0 = Debug|Any CPU
		{3AA72F18-0C7A-6B1C-9F0E-643F40729F56}.Release|Any CPU.ActiveCfg = Release|Any CPU
		{3AA72F18-0C7A-6B1C-9F0E-643F40729F56}.Release|Any CPU.Build.0 = Release|Any CPU
	EndGlobalSection
	GlobalSection(SolutionProperties) = preSolution
		HideSolutionNode = FALSE
	EndGlobalSection
	GlobalSection(ExtensibilityGlobals) = postSolution
		SolutionGuid = {492AD6D8-64A1-45CA-A2B7-38E67A50BD4E}
	EndGlobalSection
EndGlobal
